{
  "name": "@fluentfixture/format",
  "version": "0.0.0-rc.3",
  "lockfileVersion": 2,
  "requires": true,
  "packages": {
    "": {
      "name": "@fluentfixture/format",
      "version": "0.0.0-rc.3",
      "license": "MIT",
      "dependencies": {
        "@fluentfixture/shared": "^0.0.0-rc.3"
      }
    },
    "../shared": {
      "name": "@fluentfixture/shared",
      "version": "0.0.0-rc.3",
      "license": "MIT",
      "dependencies": {
        "change-case": "4.1.2",
        "dayjs": "1.11.0"
      }
    },
    "../shared/node_modules/camel-case": {
      "version": "4.1.2",
      "license": "MIT",
      "dependencies": {
        "pascal-case": "^3.1.2",
        "tslib": "^2.0.3"
      }
    },
    "../shared/node_modules/capital-case": {
      "version": "1.0.4",
      "license": "MIT",
      "dependencies": {
        "no-case": "^3.0.4",
        "tslib": "^2.0.3",
        "upper-case-first": "^2.0.2"
      }
    },
    "../shared/node_modules/change-case": {
      "version": "4.1.2",
      "license": "MIT",
      "dependencies": {
        "camel-case": "^4.1.2",
        "capital-case": "^1.0.4",
        "constant-case": "^3.0.4",
        "dot-case": "^3.0.4",
        "header-case": "^2.0.4",
        "no-case": "^3.0.4",
        "param-case": "^3.0.4",
        "pascal-case": "^3.1.2",
        "path-case": "^3.0.4",
        "sentence-case": "^3.0.4",
        "snake-case": "^3.0.4",
        "tslib": "^2.0.3"
      }
    },
    "../shared/node_modules/constant-case": {
      "version": "3.0.4",
      "license": "MIT",
      "dependencies": {
        "no-case": "^3.0.4",
        "tslib": "^2.0.3",
        "upper-case": "^2.0.2"
      }
    },
    "../shared/node_modules/dayjs": {
      "version": "1.11.0",
      "license": "MIT"
    },
    "../shared/node_modules/dot-case": {
      "version": "3.0.4",
      "license": "MIT",
      "dependencies": {
        "no-case": "^3.0.4",
        "tslib": "^2.0.3"
      }
    },
    "../shared/node_modules/header-case": {
      "version": "2.0.4",
      "license": "MIT",
      "dependencies": {
        "capital-case": "^1.0.4",
        "tslib": "^2.0.3"
      }
    },
    "../shared/node_modules/lower-case": {
      "version": "2.0.2",
      "license": "MIT",
      "dependencies": {
        "tslib": "^2.0.3"
      }
    },
    "../shared/node_modules/no-case": {
      "version": "3.0.4",
      "license": "MIT",
      "dependencies": {
        "lower-case": "^2.0.2",
        "tslib": "^2.0.3"
      }
    },
    "../shared/node_modules/param-case": {
      "version": "3.0.4",
      "license": "MIT",
      "dependencies": {
        "dot-case": "^3.0.4",
        "tslib": "^2.0.3"
      }
    },
    "../shared/node_modules/pascal-case": {
      "version": "3.1.2",
      "license": "MIT",
      "dependencies": {
        "no-case": "^3.0.4",
        "tslib": "^2.0.3"
      }
    },
    "../shared/node_modules/path-case": {
      "version": "3.0.4",
      "license": "MIT",
      "dependencies": {
        "dot-case": "^3.0.4",
        "tslib": "^2.0.3"
      }
    },
    "../shared/node_modules/sentence-case": {
      "version": "3.0.4",
      "license": "MIT",
      "dependencies": {
        "no-case": "^3.0.4",
        "tslib": "^2.0.3",
        "upper-case-first": "^2.0.2"
      }
    },
    "../shared/node_modules/snake-case": {
      "version": "3.0.4",
      "license": "MIT",
      "dependencies": {
        "dot-case": "^3.0.4",
        "tslib": "^2.0.3"
      }
    },
    "../shared/node_modules/tslib": {
      "version": "2.4.0",
      "license": "0BSD"
    },
    "../shared/node_modules/upper-case": {
      "version": "2.0.2",
      "license": "MIT",
      "dependencies": {
        "tslib": "^2.0.3"
      }
    },
    "../shared/node_modules/upper-case-first": {
      "version": "2.0.2",
      "license": "MIT",
      "dependencies": {
        "tslib": "^2.0.3"
      }
    },
    "node_modules/@fluentfixture/shared": {
      "resolved": "../shared",
      "link": true
    }
  },
  "dependencies": {
    "@fluentfixture/shared": {
      "version": "file:../shared",
      "requires": {
        "change-case": "4.1.2",
        "dayjs": "1.11.0"
      },
      "dependencies": {
        "camel-case": {
          "version": "4.1.2",
          "requires": {
            "pascal-case": "^3.1.2",
            "tslib": "^2.0.3"
          }
        },
        "capital-case": {
          "version": "1.0.4",
          "requires": {
            "no-case": "^3.0.4",
            "tslib": "^2.0.3",
            "upper-case-first": "^2.0.2"
          }
        },
        "change-case": {
          "version": "4.1.2",
          "requires": {
            "camel-case": "^4.1.2",
            "capital-case": "^1.0.4",
            "constant-case": "^3.0.4",
            "dot-case": "^3.0.4",
            "header-case": "^2.0.4",
            "no-case": "^3.0.4",
            "param-case": "^3.0.4",
            "pascal-case": "^3.1.2",
            "path-case": "^3.0.4",
            "sentence-case": "^3.0.4",
            "snake-case": "^3.0.4",
            "tslib": "^2.0.3"
          }
        },
        "constant-case": {
          "version": "3.0.4",
          "requires": {
            "no-case": "^3.0.4",
            "tslib": "^2.0.3",
            "upper-case": "^2.0.2"
          }
        },
        "dayjs": {
          "version": "1.11.0"
        },
        "dot-case": {
          "version": "3.0.4",
          "requires": {
            "no-case": "^3.0.4",
            "tslib": "^2.0.3"
          }
        },
        "header-case": {
          "version": "2.0.4",
          "requires": {
            "capital-case": "^1.0.4",
            "tslib": "^2.0.3"
          }
        },
        "lower-case": {
          "version": "2.0.2",
          "requires": {
            "tslib": "^2.0.3"
          }
        },
        "no-case": {
          "version": "3.0.4",
          "requires": {
            "lower-case": "^2.0.2",
            "tslib": "^2.0.3"
          }
        },
        "param-case": {
          "version": "3.0.4",
          "requires": {
            "dot-case": "^3.0.4",
            "tslib": "^2.0.3"
          }
        },
        "pascal-case": {
          "version": "3.1.2",
          "requires": {
            "no-case": "^3.0.4",
            "tslib": "^2.0.3"
          }
        },
        "path-case": {
          "version": "3.0.4",
          "requires": {
            "dot-case": "^3.0.4",
            "tslib": "^2.0.3"
          }
        },
        "sentence-case": {
          "version": "3.0.4",
          "requires": {
            "no-case": "^3.0.4",
            "tslib": "^2.0.3",
            "upper-case-first": "^2.0.2"
          }
        },
        "snake-case": {
          "version": "3.0.4",
          "requires": {
            "dot-case": "^3.0.4",
            "tslib": "^2.0.3"
          }
        },
        "tslib": {
          "version": "2.4.0"
        },
        "upper-case": {
          "version": "2.0.2",
          "requires": {
            "tslib": "^2.0.3"
          }
        },
        "upper-case-first": {
          "version": "2.0.2",
          "requires": {
            "tslib": "^2.0.3"
          }
        }
      }
    }
  }
}
