{
	"name": "@fluentfixture/format",
	"version": "0.0.1",
	"lockfileVersion": 2,
	"requires": true,
	"packages": {
		"": {
			"name": "@fluentfixture/format",
			"version": "0.0.1",
			"license": "MIT",
			"dependencies": {
				"object-path": "0.11.8"
			},
			"devDependencies": {
				"@types/object-path": "0.11.1"
			}
		},
		"node_modules/@types/object-path": {
			"version": "0.11.1",
			"resolved": "https://registry.npmjs.org/@types/object-path/-/object-path-0.11.1.tgz",
			"integrity": "sha512-219LSCO9HPcoXcRTC6DbCs0FRhZgBnEMzf16RRqkT40WbkKx3mOeQuz3e2XqbfhOz/AHfbru0kzB1n1RCAsIIg==",
			"dev": true
		},
		"node_modules/object-path": {
			"version": "0.11.8",
			"resolved": "https://registry.npmjs.org/object-path/-/object-path-0.11.8.tgz",
			"integrity": "sha512-YJjNZrlXJFM42wTBn6zgOJVar9KFJvzx6sTWDte8sWZF//cnjl0BxHNpfZx+ZffXX63A9q0b1zsFiBX4g4X5KA==",
			"engines": {
				"node": ">= 10.12.0"
			}
		}
	},
	"dependencies": {
		"@types/object-path": {
			"version": "0.11.1",
			"resolved": "https://registry.npmjs.org/@types/object-path/-/object-path-0.11.1.tgz",
			"integrity": "sha512-219LSCO9HPcoXcRTC6DbCs0FRhZgBnEMzf16RRqkT40WbkKx3mOeQuz3e2XqbfhOz/AHfbru0kzB1n1RCAsIIg==",
			"dev": true
		},
		"object-path": {
			"version": "0.11.8",
			"resolved": "https://registry.npmjs.org/object-path/-/object-path-0.11.8.tgz",
			"integrity": "sha512-YJjNZrlXJFM42wTBn6zgOJVar9KFJvzx6sTWDte8sWZF//cnjl0BxHNpfZx+ZffXX63A9q0b1zsFiBX4g4X5KA=="
		}
	}
}
