{
  "name": "@fluentfixture/shared",
  "version": "1.0.5",
  "lockfileVersion": 2,
  "requires": true,
  "packages": {
    "": {
      "name": "@fluentfixture/shared",
      "version": "1.0.5",
      "license": "MIT",
      "dependencies": {
        "change-case": "5.1.2",
        "dayjs": "1.11.10"
      }
    },
    "node_modules/change-case": {
      "version": "5.1.2",
      "resolved": "https://registry.npmjs.org/change-case/-/change-case-5.1.2.tgz",
      "integrity": "sha512-CAtbGEDulyjzs05RXy3uKcwqeztz/dMEuAc1Xu9NQBsbrhuGMneL0u9Dj5SoutLKBFYun8txxYIwhjtLNfUmCA=="
    },
    "node_modules/dayjs": {
      "version": "1.11.10",
      "resolved": "https://registry.npmjs.org/dayjs/-/dayjs-1.11.10.tgz",
      "integrity": "sha512-vjAczensTgRcqDERK0SR2XMwsF/tSvnvlv6VcF2GIhg6Sx4yOIt/irsr1RDJsKiIyBzJDpCoXiWWq28MqH2cnQ=="
    }
  },
  "dependencies": {
    "change-case": {
      "version": "5.1.2",
      "resolved": "https://registry.npmjs.org/change-case/-/change-case-5.1.2.tgz",
      "integrity": "sha512-CAtbGEDulyjzs05RXy3uKcwqeztz/dMEuAc1Xu9NQBsbrhuGMneL0u9Dj5SoutLKBFYun8txxYIwhjtLNfUmCA=="
    },
    "dayjs": {
      "version": "1.11.10",
      "resolved": "https://registry.npmjs.org/dayjs/-/dayjs-1.11.10.tgz",
      "integrity": "sha512-vjAczensTgRcqDERK0SR2XMwsF/tSvnvlv6VcF2GIhg6Sx4yOIt/irsr1RDJsKiIyBzJDpCoXiWWq28MqH2cnQ=="
    }
  }
}
