{
	"name": "@fluentfixture/core",
	"version": "0.0.1",
	"lockfileVersion": 1,
	"requires": true,
	"dependencies": {
		"@types/check-types": {
			"version": "7.3.3",
			"resolved": "https://registry.npmjs.org/@types/check-types/-/check-types-7.3.3.tgz",
			"integrity": "sha512-w4EdeL+4IeQHnzLlCmi47QT9IkaU20Zvo9fpWxsgzREgQlvKL1VwWBcUDBQhNCn7KdS2HyTEDsNBPwZwy1smHw==",
			"dev": true
		},
		"array-uniq": {
			"version": "1.0.2",
			"resolved": "https://registry.npmjs.org/array-uniq/-/array-uniq-1.0.2.tgz",
			"integrity": "sha1-X8w3OSB3VyPP1k1lxkvvU7+eum0="
		},
		"check-types": {
			"version": "11.1.2",
			"resolved": "https://registry.npmjs.org/check-types/-/check-types-11.1.2.tgz",
			"integrity": "sha512-tzWzvgePgLORb9/3a0YenggReLKAIb2owL03H2Xdoe5pKcUyWRSEQ8xfCar8t2SIAuEDwtmx2da1YB52YuHQMQ=="
		},
		"dayjs": {
			"version": "1.10.7",
			"resolved": "https://registry.npmjs.org/dayjs/-/dayjs-1.10.7.tgz",
			"integrity": "sha512-P6twpd70BcPK34K26uJ1KT3wlhpuOAPoMwJzpsIWUxHZ7wpmbdZL/hQqBDfz7hGurYSa5PhzdhDHtt319hL3ig=="
		},
		"random-js": {
			"version": "2.1.0",
			"resolved": "https://registry.npmjs.org/random-js/-/random-js-2.1.0.tgz",
			"integrity": "sha512-CRUyWmnzmZBA7RZSVGq0xMqmgCyPPxbiKNLFA5ud7KenojVX2s7Gv+V7eB52beKTPGxWRnVZ7D/tCIgYJJ8vNQ=="
		},
		"randombytes": {
			"version": "2.0.3",
			"resolved": "https://registry.npmjs.org/randombytes/-/randombytes-2.0.3.tgz",
			"integrity": "sha1-Z0yZdgkBw8QRJ3GjHlIdw0nMCew="
		},
		"randomstring": {
			"version": "1.2.1",
			"resolved": "https://registry.npmjs.org/randomstring/-/randomstring-1.2.1.tgz",
			"integrity": "sha512-eMnfell9XuU3jfCx3f4xCaFAt0YMFPZhx9R3PSStmLarDKg5j5vivqKhf/8pvG+VX/YkxsckHK/VPUrKa5V07A==",
			"requires": {
				"array-uniq": "1.0.2",
				"randombytes": "2.0.3"
			}
		}
	}
}
