{
	"name": "@fixtr/core",
	"version": "0.0.1",
	"lockfileVersion": 1,
	"requires": true,
	"dependencies": {
		"@types/check-types": {
			"version": "7.3.3",
			"resolved": "https://registry.npmjs.org/@types/check-types/-/check-types-7.3.3.tgz",
			"integrity": "sha512-w4EdeL+4IeQHnzLlCmi47QT9IkaU20Zvo9fpWxsgzREgQlvKL1VwWBcUDBQhNCn7KdS2HyTEDsNBPwZwy1smHw==",
			"dev": true
		},
		"check-types": {
			"version": "11.1.2",
			"resolved": "https://registry.npmjs.org/check-types/-/check-types-11.1.2.tgz",
			"integrity": "sha512-tzWzvgePgLORb9/3a0YenggReLKAIb2owL03H2Xdoe5pKcUyWRSEQ8xfCar8t2SIAuEDwtmx2da1YB52YuHQMQ=="
		}
	}
}
