{
	"name": "@fluentfixture/core",
	"version": "0.0.0-rc.8",
	"lockfileVersion": 2,
	"requires": true,
	"packages": {
		"": {
			"name": "@fluentfixture/core",
			"version": "0.0.0-rc.8",
			"license": "MIT",
			"dependencies": {
				"random-js": "2.1.0",
				"randomstring": "1.2.2"
			}
		},
		"../format": {
			"name": "@fluentfixture/format",
			"version": "0.0.0-rc.4",
			"extraneous": true,
			"license": "MIT",
			"dependencies": {
				"@fluentfixture/shared": "^0.0.0-rc.4"
			}
		},
		"../shared": {
			"name": "@fluentfixture/shared",
			"version": "0.0.0-rc.4",
			"extraneous": true,
			"license": "MIT",
			"dependencies": {
				"change-case": "4.1.2",
				"dayjs": "1.11.0"
			}
		},
		"node_modules/array-uniq": {
			"version": "1.0.2",
			"license": "MIT",
			"engines": {
				"node": ">=0.10.0"
			}
		},
		"node_modules/random-js": {
			"version": "2.1.0",
			"license": "MIT"
		},
		"node_modules/randombytes": {
			"version": "2.0.3",
			"license": "MIT"
		},
		"node_modules/randomstring": {
			"version": "1.2.2",
			"license": "MIT",
			"dependencies": {
				"array-uniq": "1.0.2",
				"randombytes": "2.0.3"
			},
			"bin": {
				"randomstring": "bin/randomstring"
			},
			"engines": {
				"node": "*"
			}
		}
	},
	"dependencies": {
		"array-uniq": {
			"version": "1.0.2"
		},
		"random-js": {
			"version": "2.1.0"
		},
		"randombytes": {
			"version": "2.0.3"
		},
		"randomstring": {
			"version": "1.2.2",
			"requires": {
				"array-uniq": "1.0.2",
				"randombytes": "2.0.3"
			}
		}
	}
}
