{
  "name": "core-sample",
  "version": "0.0.0-rc.3",
  "lockfileVersion": 2,
  "requires": true,
  "packages": {
    "": {
      "name": "core-sample",
      "version": "0.0.0-rc.3",
      "license": "MIT",
      "dependencies": {
        "@fluentfixture/core": "^0.0.0-rc.5",
        "@fluentfixture/format": "^0.0.0-rc.7"
      }
    },
    "node_modules/@chevrotain/cst-dts-gen": {
      "version": "10.3.0",
      "resolved": "https://registry.npmjs.org/@chevrotain/cst-dts-gen/-/cst-dts-gen-10.3.0.tgz",
      "integrity": "sha512-7DJPfCtfK1SU1/F3ZmmVv5IsTTcP/iiKFqU1m0H4VzJNvG3/GNxJFQjy4t/veWTAFSPWSj1WCNyq+sc5XKq9yA==",
      "dependencies": {
        "@chevrotain/gast": "10.3.0",
        "@chevrotain/types": "10.3.0",
        "lodash": "4.17.21"
      }
    },
    "node_modules/@chevrotain/gast": {
      "version": "10.3.0",
      "resolved": "https://registry.npmjs.org/@chevrotain/gast/-/gast-10.3.0.tgz",
      "integrity": "sha512-kLbGubyLprlyFZ1/c5pkpciCi6WTcRcnKhkfflSdKsZuoy0OmVTEXzrmFCQWzJ+QtmQNtPZTKwIBXJ6Zixp6nA==",
      "dependencies": {
        "@chevrotain/types": "10.3.0",
        "lodash": "4.17.21"
      }
    },
    "node_modules/@chevrotain/types": {
      "version": "10.3.0",
      "resolved": "https://registry.npmjs.org/@chevrotain/types/-/types-10.3.0.tgz",
      "integrity": "sha512-LGesL4c5+FyweDsmFukcxmsowpagj1iC4iqkQSIDG3Y7krV2rIOmCDDq4kZff51Asr6yQHEJsWTyvGVHeWQLkw=="
    },
    "node_modules/@chevrotain/utils": {
      "version": "10.3.0",
      "resolved": "https://registry.npmjs.org/@chevrotain/utils/-/utils-10.3.0.tgz",
      "integrity": "sha512-KCpFcX+kNyKlVZQW60ZUGRW5Nsg5u0F2CIgHiDQyg282ouHS9xap2ZEKqhwGE/0nYP46nAPnGPdb/IYh7ZHOsA=="
    },
    "node_modules/@fluentfixture/core": {
      "version": "0.0.0-rc.5",
      "resolved": "https://registry.npmjs.org/@fluentfixture/core/-/core-0.0.0-rc.5.tgz",
      "integrity": "sha512-THdjnxlitzCXp9MaSdZBCe55mjvoWBRddYdzXDCDFZOXZgzUQP8oWyPF3ZEKvIelRreD3YQIC89/mypUMfFotg==",
      "dependencies": {
        "@fluentfixture/format": "^0.0.0-rc.5",
        "@fluentfixture/shared": "^0.0.0-rc.5",
        "random-js": "2.1.0",
        "randomstring": "1.2.2"
      }
    },
    "node_modules/@fluentfixture/format": {
      "version": "0.0.0-rc.7",
      "resolved": "https://registry.npmjs.org/@fluentfixture/format/-/format-0.0.0-rc.7.tgz",
      "integrity": "sha512-SdvSmxPhXf6Wioy9IT+sk2CWpwBlIc/MiencnScHWu9B98k+WtTebW3vYPJ44VI3mXoI0OCbzNyT6ema6zT6yw==",
      "dependencies": {
        "@fluentfixture/shared": "^0.0.0-rc.7",
        "chevrotain": "^10.1.2"
      }
    },
    "node_modules/@fluentfixture/shared": {
      "version": "0.0.0-rc.7",
      "resolved": "https://registry.npmjs.org/@fluentfixture/shared/-/shared-0.0.0-rc.7.tgz",
      "integrity": "sha512-Zjdh4rmDJ9oeWs04Sq1TW2XNFt64U9BRQd7E7aNjlvfdFDm1KTc+FW9ZPQKryE9x5ndZViQ3e5HFyACi27+zYQ==",
      "dependencies": {
        "change-case": "4.1.2",
        "dayjs": "1.11.0"
      }
    },
    "node_modules/array-uniq": {
      "version": "1.0.2",
      "resolved": "https://registry.npmjs.org/array-uniq/-/array-uniq-1.0.2.tgz",
      "integrity": "sha512-GVYjmpL05al4dNlKJm53mKE4w9OOLiuVHWorsIA3YVz+Hu0hcn6PtE3Ydl0EqU7v+7ABC4mjjWsnLUxbpno+CA==",
      "engines": {
        "node": ">=0.10.0"
      }
    },
    "node_modules/camel-case": {
      "version": "4.1.2",
      "resolved": "https://registry.npmjs.org/camel-case/-/camel-case-4.1.2.tgz",
      "integrity": "sha512-gxGWBrTT1JuMx6R+o5PTXMmUnhnVzLQ9SNutD4YqKtI6ap897t3tKECYla6gCWEkplXnlNybEkZg9GEGxKFCgw==",
      "dependencies": {
        "pascal-case": "^3.1.2",
        "tslib": "^2.0.3"
      }
    },
    "node_modules/capital-case": {
      "version": "1.0.4",
      "resolved": "https://registry.npmjs.org/capital-case/-/capital-case-1.0.4.tgz",
      "integrity": "sha512-ds37W8CytHgwnhGGTi88pcPyR15qoNkOpYwmMMfnWqqWgESapLqvDx6huFjQ5vqWSn2Z06173XNA7LtMOeUh1A==",
      "dependencies": {
        "no-case": "^3.0.4",
        "tslib": "^2.0.3",
        "upper-case-first": "^2.0.2"
      }
    },
    "node_modules/change-case": {
      "version": "4.1.2",
      "resolved": "https://registry.npmjs.org/change-case/-/change-case-4.1.2.tgz",
      "integrity": "sha512-bSxY2ws9OtviILG1EiY5K7NNxkqg/JnRnFxLtKQ96JaviiIxi7djMrSd0ECT9AC+lttClmYwKw53BWpOMblo7A==",
      "dependencies": {
        "camel-case": "^4.1.2",
        "capital-case": "^1.0.4",
        "constant-case": "^3.0.4",
        "dot-case": "^3.0.4",
        "header-case": "^2.0.4",
        "no-case": "^3.0.4",
        "param-case": "^3.0.4",
        "pascal-case": "^3.1.2",
        "path-case": "^3.0.4",
        "sentence-case": "^3.0.4",
        "snake-case": "^3.0.4",
        "tslib": "^2.0.3"
      }
    },
    "node_modules/chevrotain": {
      "version": "10.3.0",
      "resolved": "https://registry.npmjs.org/chevrotain/-/chevrotain-10.3.0.tgz",
      "integrity": "sha512-sy3yTBfvNJmxzYOGWaDStZFuA7va5/MXwzBU+XBIol0bR0aYlfGqTjzgedeu32Ki/j7IVyvYAZO2PInBjmmMjg==",
      "dependencies": {
        "@chevrotain/cst-dts-gen": "10.3.0",
        "@chevrotain/gast": "10.3.0",
        "@chevrotain/types": "10.3.0",
        "@chevrotain/utils": "10.3.0",
        "lodash": "4.17.21",
        "regexp-to-ast": "0.5.0"
      }
    },
    "node_modules/constant-case": {
      "version": "3.0.4",
      "resolved": "https://registry.npmjs.org/constant-case/-/constant-case-3.0.4.tgz",
      "integrity": "sha512-I2hSBi7Vvs7BEuJDr5dDHfzb/Ruj3FyvFyh7KLilAjNQw3Be+xgqUBA2W6scVEcL0hL1dwPRtIqEPVUCKkSsyQ==",
      "dependencies": {
        "no-case": "^3.0.4",
        "tslib": "^2.0.3",
        "upper-case": "^2.0.2"
      }
    },
    "node_modules/dayjs": {
      "version": "1.11.0",
      "resolved": "https://registry.npmjs.org/dayjs/-/dayjs-1.11.0.tgz",
      "integrity": "sha512-JLC809s6Y948/FuCZPm5IX8rRhQwOiyMb2TfVVQEixG7P8Lm/gt5S7yoQZmC8x1UehI9Pb7sksEt4xx14m+7Ug=="
    },
    "node_modules/dot-case": {
      "version": "3.0.4",
      "resolved": "https://registry.npmjs.org/dot-case/-/dot-case-3.0.4.tgz",
      "integrity": "sha512-Kv5nKlh6yRrdrGvxeJ2e5y2eRUpkUosIW4A2AS38zwSz27zu7ufDwQPi5Jhs3XAlGNetl3bmnGhQsMtkKJnj3w==",
      "dependencies": {
        "no-case": "^3.0.4",
        "tslib": "^2.0.3"
      }
    },
    "node_modules/header-case": {
      "version": "2.0.4",
      "resolved": "https://registry.npmjs.org/header-case/-/header-case-2.0.4.tgz",
      "integrity": "sha512-H/vuk5TEEVZwrR0lp2zed9OCo1uAILMlx0JEMgC26rzyJJ3N1v6XkwHHXJQdR2doSjcGPM6OKPYoJgf0plJ11Q==",
      "dependencies": {
        "capital-case": "^1.0.4",
        "tslib": "^2.0.3"
      }
    },
    "node_modules/lodash": {
      "version": "4.17.21",
      "resolved": "https://registry.npmjs.org/lodash/-/lodash-4.17.21.tgz",
      "integrity": "sha512-v2kDEe57lecTulaDIuNTPy3Ry4gLGJ6Z1O3vE1krgXZNrsQ+LFTGHVxVjcXPs17LhbZVGedAJv8XZ1tvj5FvSg=="
    },
    "node_modules/lower-case": {
      "version": "2.0.2",
      "resolved": "https://registry.npmjs.org/lower-case/-/lower-case-2.0.2.tgz",
      "integrity": "sha512-7fm3l3NAF9WfN6W3JOmf5drwpVqX78JtoGJ3A6W0a6ZnldM41w2fV5D490psKFTpMds8TJse/eHLFFsNHHjHgg==",
      "dependencies": {
        "tslib": "^2.0.3"
      }
    },
    "node_modules/no-case": {
      "version": "3.0.4",
      "resolved": "https://registry.npmjs.org/no-case/-/no-case-3.0.4.tgz",
      "integrity": "sha512-fgAN3jGAh+RoxUGZHTSOLJIqUc2wmoBwGR4tbpNAKmmovFoWq0OdRkb0VkldReO2a2iBT/OEulG9XSUc10r3zg==",
      "dependencies": {
        "lower-case": "^2.0.2",
        "tslib": "^2.0.3"
      }
    },
    "node_modules/param-case": {
      "version": "3.0.4",
      "resolved": "https://registry.npmjs.org/param-case/-/param-case-3.0.4.tgz",
      "integrity": "sha512-RXlj7zCYokReqWpOPH9oYivUzLYZ5vAPIfEmCTNViosC78F8F0H9y7T7gG2M39ymgutxF5gcFEsyZQSph9Bp3A==",
      "dependencies": {
        "dot-case": "^3.0.4",
        "tslib": "^2.0.3"
      }
    },
    "node_modules/pascal-case": {
      "version": "3.1.2",
      "resolved": "https://registry.npmjs.org/pascal-case/-/pascal-case-3.1.2.tgz",
      "integrity": "sha512-uWlGT3YSnK9x3BQJaOdcZwrnV6hPpd8jFH1/ucpiLRPh/2zCVJKS19E4GvYHvaCcACn3foXZ0cLB9Wrx1KGe5g==",
      "dependencies": {
        "no-case": "^3.0.4",
        "tslib": "^2.0.3"
      }
    },
    "node_modules/path-case": {
      "version": "3.0.4",
      "resolved": "https://registry.npmjs.org/path-case/-/path-case-3.0.4.tgz",
      "integrity": "sha512-qO4qCFjXqVTrcbPt/hQfhTQ+VhFsqNKOPtytgNKkKxSoEp3XPUQ8ObFuePylOIok5gjn69ry8XiULxCwot3Wfg==",
      "dependencies": {
        "dot-case": "^3.0.4",
        "tslib": "^2.0.3"
      }
    },
    "node_modules/random-js": {
      "version": "2.1.0",
      "resolved": "https://registry.npmjs.org/random-js/-/random-js-2.1.0.tgz",
      "integrity": "sha512-CRUyWmnzmZBA7RZSVGq0xMqmgCyPPxbiKNLFA5ud7KenojVX2s7Gv+V7eB52beKTPGxWRnVZ7D/tCIgYJJ8vNQ=="
    },
    "node_modules/randombytes": {
      "version": "2.0.3",
      "resolved": "https://registry.npmjs.org/randombytes/-/randombytes-2.0.3.tgz",
      "integrity": "sha512-lDVjxQQFoCG1jcrP06LNo2lbWp4QTShEXnhActFBwYuHprllQV6VUpwreApsYqCgD+N1mHoqJ/BI/4eV4R2GYg=="
    },
    "node_modules/randomstring": {
      "version": "1.2.2",
      "resolved": "https://registry.npmjs.org/randomstring/-/randomstring-1.2.2.tgz",
      "integrity": "sha512-9FByiB8guWZLbE+akdQiWE3I1I6w7Vn5El4o4y7o5bWQ6DWPcEOp+aLG7Jezc8BVRKKpgJd2ppRX0jnKu1YCfg==",
      "dependencies": {
        "array-uniq": "1.0.2",
        "randombytes": "2.0.3"
      },
      "bin": {
        "randomstring": "bin/randomstring"
      },
      "engines": {
        "node": "*"
      }
    },
    "node_modules/regexp-to-ast": {
      "version": "0.5.0",
      "resolved": "https://registry.npmjs.org/regexp-to-ast/-/regexp-to-ast-0.5.0.tgz",
      "integrity": "sha512-tlbJqcMHnPKI9zSrystikWKwHkBqu2a/Sgw01h3zFjvYrMxEDYHzzoMZnUrbIfpTFEsoRnnviOXNCzFiSc54Qw=="
    },
    "node_modules/sentence-case": {
      "version": "3.0.4",
      "resolved": "https://registry.npmjs.org/sentence-case/-/sentence-case-3.0.4.tgz",
      "integrity": "sha512-8LS0JInaQMCRoQ7YUytAo/xUu5W2XnQxV2HI/6uM6U7CITS1RqPElr30V6uIqyMKM9lJGRVFy5/4CuzcixNYSg==",
      "dependencies": {
        "no-case": "^3.0.4",
        "tslib": "^2.0.3",
        "upper-case-first": "^2.0.2"
      }
    },
    "node_modules/snake-case": {
      "version": "3.0.4",
      "resolved": "https://registry.npmjs.org/snake-case/-/snake-case-3.0.4.tgz",
      "integrity": "sha512-LAOh4z89bGQvl9pFfNF8V146i7o7/CqFPbqzYgP+yYzDIDeS9HaNFtXABamRW+AQzEVODcvE79ljJ+8a9YSdMg==",
      "dependencies": {
        "dot-case": "^3.0.4",
        "tslib": "^2.0.3"
      }
    },
    "node_modules/tslib": {
      "version": "2.4.0",
      "resolved": "https://registry.npmjs.org/tslib/-/tslib-2.4.0.tgz",
      "integrity": "sha512-d6xOpEDfsi2CZVlPQzGeux8XMwLT9hssAsaPYExaQMuYskwb+x1x7J371tWlbBdWHroy99KnVB6qIkUbs5X3UQ=="
    },
    "node_modules/upper-case": {
      "version": "2.0.2",
      "resolved": "https://registry.npmjs.org/upper-case/-/upper-case-2.0.2.tgz",
      "integrity": "sha512-KgdgDGJt2TpuwBUIjgG6lzw2GWFRCW9Qkfkiv0DxqHHLYJHmtmdUIKcZd8rHgFSjopVTlw6ggzCm1b8MFQwikg==",
      "dependencies": {
        "tslib": "^2.0.3"
      }
    },
    "node_modules/upper-case-first": {
      "version": "2.0.2",
      "resolved": "https://registry.npmjs.org/upper-case-first/-/upper-case-first-2.0.2.tgz",
      "integrity": "sha512-514ppYHBaKwfJRK/pNC6c/OxfGa0obSnAl106u97Ed0I625Nin96KAjttZF6ZL3e1XLtphxnqrOi9iWgm+u+bg==",
      "dependencies": {
        "tslib": "^2.0.3"
      }
    }
  },
  "dependencies": {
    "@chevrotain/cst-dts-gen": {
      "version": "10.3.0",
      "resolved": "https://registry.npmjs.org/@chevrotain/cst-dts-gen/-/cst-dts-gen-10.3.0.tgz",
      "integrity": "sha512-7DJPfCtfK1SU1/F3ZmmVv5IsTTcP/iiKFqU1m0H4VzJNvG3/GNxJFQjy4t/veWTAFSPWSj1WCNyq+sc5XKq9yA==",
      "requires": {
        "@chevrotain/gast": "10.3.0",
        "@chevrotain/types": "10.3.0",
        "lodash": "4.17.21"
      }
    },
    "@chevrotain/gast": {
      "version": "10.3.0",
      "resolved": "https://registry.npmjs.org/@chevrotain/gast/-/gast-10.3.0.tgz",
      "integrity": "sha512-kLbGubyLprlyFZ1/c5pkpciCi6WTcRcnKhkfflSdKsZuoy0OmVTEXzrmFCQWzJ+QtmQNtPZTKwIBXJ6Zixp6nA==",
      "requires": {
        "@chevrotain/types": "10.3.0",
        "lodash": "4.17.21"
      }
    },
    "@chevrotain/types": {
      "version": "10.3.0",
      "resolved": "https://registry.npmjs.org/@chevrotain/types/-/types-10.3.0.tgz",
      "integrity": "sha512-LGesL4c5+FyweDsmFukcxmsowpagj1iC4iqkQSIDG3Y7krV2rIOmCDDq4kZff51Asr6yQHEJsWTyvGVHeWQLkw=="
    },
    "@chevrotain/utils": {
      "version": "10.3.0",
      "resolved": "https://registry.npmjs.org/@chevrotain/utils/-/utils-10.3.0.tgz",
      "integrity": "sha512-KCpFcX+kNyKlVZQW60ZUGRW5Nsg5u0F2CIgHiDQyg282ouHS9xap2ZEKqhwGE/0nYP46nAPnGPdb/IYh7ZHOsA=="
    },
    "@fluentfixture/core": {
      "version": "0.0.0-rc.5",
      "resolved": "https://registry.npmjs.org/@fluentfixture/core/-/core-0.0.0-rc.5.tgz",
      "integrity": "sha512-THdjnxlitzCXp9MaSdZBCe55mjvoWBRddYdzXDCDFZOXZgzUQP8oWyPF3ZEKvIelRreD3YQIC89/mypUMfFotg==",
      "requires": {
        "@fluentfixture/format": "^0.0.0-rc.5",
        "@fluentfixture/shared": "^0.0.0-rc.5",
        "random-js": "2.1.0",
        "randomstring": "1.2.2"
      }
    },
    "@fluentfixture/format": {
      "version": "0.0.0-rc.7",
      "resolved": "https://registry.npmjs.org/@fluentfixture/format/-/format-0.0.0-rc.7.tgz",
      "integrity": "sha512-SdvSmxPhXf6Wioy9IT+sk2CWpwBlIc/MiencnScHWu9B98k+WtTebW3vYPJ44VI3mXoI0OCbzNyT6ema6zT6yw==",
      "requires": {
        "@fluentfixture/shared": "^0.0.0-rc.7",
        "chevrotain": "^10.1.2"
      }
    },
    "@fluentfixture/shared": {
      "version": "0.0.0-rc.7",
      "resolved": "https://registry.npmjs.org/@fluentfixture/shared/-/shared-0.0.0-rc.7.tgz",
      "integrity": "sha512-Zjdh4rmDJ9oeWs04Sq1TW2XNFt64U9BRQd7E7aNjlvfdFDm1KTc+FW9ZPQKryE9x5ndZViQ3e5HFyACi27+zYQ==",
      "requires": {
        "change-case": "4.1.2",
        "dayjs": "1.11.0"
      }
    },
    "array-uniq": {
      "version": "1.0.2",
      "resolved": "https://registry.npmjs.org/array-uniq/-/array-uniq-1.0.2.tgz",
      "integrity": "sha512-GVYjmpL05al4dNlKJm53mKE4w9OOLiuVHWorsIA3YVz+Hu0hcn6PtE3Ydl0EqU7v+7ABC4mjjWsnLUxbpno+CA=="
    },
    "camel-case": {
      "version": "4.1.2",
      "resolved": "https://registry.npmjs.org/camel-case/-/camel-case-4.1.2.tgz",
      "integrity": "sha512-gxGWBrTT1JuMx6R+o5PTXMmUnhnVzLQ9SNutD4YqKtI6ap897t3tKECYla6gCWEkplXnlNybEkZg9GEGxKFCgw==",
      "requires": {
        "pascal-case": "^3.1.2",
        "tslib": "^2.0.3"
      }
    },
    "capital-case": {
      "version": "1.0.4",
      "resolved": "https://registry.npmjs.org/capital-case/-/capital-case-1.0.4.tgz",
      "integrity": "sha512-ds37W8CytHgwnhGGTi88pcPyR15qoNkOpYwmMMfnWqqWgESapLqvDx6huFjQ5vqWSn2Z06173XNA7LtMOeUh1A==",
      "requires": {
        "no-case": "^3.0.4",
        "tslib": "^2.0.3",
        "upper-case-first": "^2.0.2"
      }
    },
    "change-case": {
      "version": "4.1.2",
      "resolved": "https://registry.npmjs.org/change-case/-/change-case-4.1.2.tgz",
      "integrity": "sha512-bSxY2ws9OtviILG1EiY5K7NNxkqg/JnRnFxLtKQ96JaviiIxi7djMrSd0ECT9AC+lttClmYwKw53BWpOMblo7A==",
      "requires": {
        "camel-case": "^4.1.2",
        "capital-case": "^1.0.4",
        "constant-case": "^3.0.4",
        "dot-case": "^3.0.4",
        "header-case": "^2.0.4",
        "no-case": "^3.0.4",
        "param-case": "^3.0.4",
        "pascal-case": "^3.1.2",
        "path-case": "^3.0.4",
        "sentence-case": "^3.0.4",
        "snake-case": "^3.0.4",
        "tslib": "^2.0.3"
      }
    },
    "chevrotain": {
      "version": "10.3.0",
      "resolved": "https://registry.npmjs.org/chevrotain/-/chevrotain-10.3.0.tgz",
      "integrity": "sha512-sy3yTBfvNJmxzYOGWaDStZFuA7va5/MXwzBU+XBIol0bR0aYlfGqTjzgedeu32Ki/j7IVyvYAZO2PInBjmmMjg==",
      "requires": {
        "@chevrotain/cst-dts-gen": "10.3.0",
        "@chevrotain/gast": "10.3.0",
        "@chevrotain/types": "10.3.0",
        "@chevrotain/utils": "10.3.0",
        "lodash": "4.17.21",
        "regexp-to-ast": "0.5.0"
      }
    },
    "constant-case": {
      "version": "3.0.4",
      "resolved": "https://registry.npmjs.org/constant-case/-/constant-case-3.0.4.tgz",
      "integrity": "sha512-I2hSBi7Vvs7BEuJDr5dDHfzb/Ruj3FyvFyh7KLilAjNQw3Be+xgqUBA2W6scVEcL0hL1dwPRtIqEPVUCKkSsyQ==",
      "requires": {
        "no-case": "^3.0.4",
        "tslib": "^2.0.3",
        "upper-case": "^2.0.2"
      }
    },
    "dayjs": {
      "version": "1.11.0",
      "resolved": "https://registry.npmjs.org/dayjs/-/dayjs-1.11.0.tgz",
      "integrity": "sha512-JLC809s6Y948/FuCZPm5IX8rRhQwOiyMb2TfVVQEixG7P8Lm/gt5S7yoQZmC8x1UehI9Pb7sksEt4xx14m+7Ug=="
    },
    "dot-case": {
      "version": "3.0.4",
      "resolved": "https://registry.npmjs.org/dot-case/-/dot-case-3.0.4.tgz",
      "integrity": "sha512-Kv5nKlh6yRrdrGvxeJ2e5y2eRUpkUosIW4A2AS38zwSz27zu7ufDwQPi5Jhs3XAlGNetl3bmnGhQsMtkKJnj3w==",
      "requires": {
        "no-case": "^3.0.4",
        "tslib": "^2.0.3"
      }
    },
    "header-case": {
      "version": "2.0.4",
      "resolved": "https://registry.npmjs.org/header-case/-/header-case-2.0.4.tgz",
      "integrity": "sha512-H/vuk5TEEVZwrR0lp2zed9OCo1uAILMlx0JEMgC26rzyJJ3N1v6XkwHHXJQdR2doSjcGPM6OKPYoJgf0plJ11Q==",
      "requires": {
        "capital-case": "^1.0.4",
        "tslib": "^2.0.3"
      }
    },
    "lodash": {
      "version": "4.17.21",
      "resolved": "https://registry.npmjs.org/lodash/-/lodash-4.17.21.tgz",
      "integrity": "sha512-v2kDEe57lecTulaDIuNTPy3Ry4gLGJ6Z1O3vE1krgXZNrsQ+LFTGHVxVjcXPs17LhbZVGedAJv8XZ1tvj5FvSg=="
    },
    "lower-case": {
      "version": "2.0.2",
      "resolved": "https://registry.npmjs.org/lower-case/-/lower-case-2.0.2.tgz",
      "integrity": "sha512-7fm3l3NAF9WfN6W3JOmf5drwpVqX78JtoGJ3A6W0a6ZnldM41w2fV5D490psKFTpMds8TJse/eHLFFsNHHjHgg==",
      "requires": {
        "tslib": "^2.0.3"
      }
    },
    "no-case": {
      "version": "3.0.4",
      "resolved": "https://registry.npmjs.org/no-case/-/no-case-3.0.4.tgz",
      "integrity": "sha512-fgAN3jGAh+RoxUGZHTSOLJIqUc2wmoBwGR4tbpNAKmmovFoWq0OdRkb0VkldReO2a2iBT/OEulG9XSUc10r3zg==",
      "requires": {
        "lower-case": "^2.0.2",
        "tslib": "^2.0.3"
      }
    },
    "param-case": {
      "version": "3.0.4",
      "resolved": "https://registry.npmjs.org/param-case/-/param-case-3.0.4.tgz",
      "integrity": "sha512-RXlj7zCYokReqWpOPH9oYivUzLYZ5vAPIfEmCTNViosC78F8F0H9y7T7gG2M39ymgutxF5gcFEsyZQSph9Bp3A==",
      "requires": {
        "dot-case": "^3.0.4",
        "tslib": "^2.0.3"
      }
    },
    "pascal-case": {
      "version": "3.1.2",
      "resolved": "https://registry.npmjs.org/pascal-case/-/pascal-case-3.1.2.tgz",
      "integrity": "sha512-uWlGT3YSnK9x3BQJaOdcZwrnV6hPpd8jFH1/ucpiLRPh/2zCVJKS19E4GvYHvaCcACn3foXZ0cLB9Wrx1KGe5g==",
      "requires": {
        "no-case": "^3.0.4",
        "tslib": "^2.0.3"
      }
    },
    "path-case": {
      "version": "3.0.4",
      "resolved": "https://registry.npmjs.org/path-case/-/path-case-3.0.4.tgz",
      "integrity": "sha512-qO4qCFjXqVTrcbPt/hQfhTQ+VhFsqNKOPtytgNKkKxSoEp3XPUQ8ObFuePylOIok5gjn69ry8XiULxCwot3Wfg==",
      "requires": {
        "dot-case": "^3.0.4",
        "tslib": "^2.0.3"
      }
    },
    "random-js": {
      "version": "2.1.0",
      "resolved": "https://registry.npmjs.org/random-js/-/random-js-2.1.0.tgz",
      "integrity": "sha512-CRUyWmnzmZBA7RZSVGq0xMqmgCyPPxbiKNLFA5ud7KenojVX2s7Gv+V7eB52beKTPGxWRnVZ7D/tCIgYJJ8vNQ=="
    },
    "randombytes": {
      "version": "2.0.3",
      "resolved": "https://registry.npmjs.org/randombytes/-/randombytes-2.0.3.tgz",
      "integrity": "sha512-lDVjxQQFoCG1jcrP06LNo2lbWp4QTShEXnhActFBwYuHprllQV6VUpwreApsYqCgD+N1mHoqJ/BI/4eV4R2GYg=="
    },
    "randomstring": {
      "version": "1.2.2",
      "resolved": "https://registry.npmjs.org/randomstring/-/randomstring-1.2.2.tgz",
      "integrity": "sha512-9FByiB8guWZLbE+akdQiWE3I1I6w7Vn5El4o4y7o5bWQ6DWPcEOp+aLG7Jezc8BVRKKpgJd2ppRX0jnKu1YCfg==",
      "requires": {
        "array-uniq": "1.0.2",
        "randombytes": "2.0.3"
      }
    },
    "regexp-to-ast": {
      "version": "0.5.0",
      "resolved": "https://registry.npmjs.org/regexp-to-ast/-/regexp-to-ast-0.5.0.tgz",
      "integrity": "sha512-tlbJqcMHnPKI9zSrystikWKwHkBqu2a/Sgw01h3zFjvYrMxEDYHzzoMZnUrbIfpTFEsoRnnviOXNCzFiSc54Qw=="
    },
    "sentence-case": {
      "version": "3.0.4",
      "resolved": "https://registry.npmjs.org/sentence-case/-/sentence-case-3.0.4.tgz",
      "integrity": "sha512-8LS0JInaQMCRoQ7YUytAo/xUu5W2XnQxV2HI/6uM6U7CITS1RqPElr30V6uIqyMKM9lJGRVFy5/4CuzcixNYSg==",
      "requires": {
        "no-case": "^3.0.4",
        "tslib": "^2.0.3",
        "upper-case-first": "^2.0.2"
      }
    },
    "snake-case": {
      "version": "3.0.4",
      "resolved": "https://registry.npmjs.org/snake-case/-/snake-case-3.0.4.tgz",
      "integrity": "sha512-LAOh4z89bGQvl9pFfNF8V146i7o7/CqFPbqzYgP+yYzDIDeS9HaNFtXABamRW+AQzEVODcvE79ljJ+8a9YSdMg==",
      "requires": {
        "dot-case": "^3.0.4",
        "tslib": "^2.0.3"
      }
    },
    "tslib": {
      "version": "2.4.0",
      "resolved": "https://registry.npmjs.org/tslib/-/tslib-2.4.0.tgz",
      "integrity": "sha512-d6xOpEDfsi2CZVlPQzGeux8XMwLT9hssAsaPYExaQMuYskwb+x1x7J371tWlbBdWHroy99KnVB6qIkUbs5X3UQ=="
    },
    "upper-case": {
      "version": "2.0.2",
      "resolved": "https://registry.npmjs.org/upper-case/-/upper-case-2.0.2.tgz",
      "integrity": "sha512-KgdgDGJt2TpuwBUIjgG6lzw2GWFRCW9Qkfkiv0DxqHHLYJHmtmdUIKcZd8rHgFSjopVTlw6ggzCm1b8MFQwikg==",
      "requires": {
        "tslib": "^2.0.3"
      }
    },
    "upper-case-first": {
      "version": "2.0.2",
      "resolved": "https://registry.npmjs.org/upper-case-first/-/upper-case-first-2.0.2.tgz",
      "integrity": "sha512-514ppYHBaKwfJRK/pNC6c/OxfGa0obSnAl106u97Ed0I625Nin96KAjttZF6ZL3e1XLtphxnqrOi9iWgm+u+bg==",
      "requires": {
        "tslib": "^2.0.3"
      }
    }
  }
}
