{
  "name": "@fluentfixture/core-samples",
  "version": "1.0.0",
  "lockfileVersion": 2,
  "requires": true,
  "packages": {
    "": {
      "name": "@fluentfixture/core-samples",
      "version": "1.0.0",
      "license": "MIT",
      "dependencies": {
        "@fluentfixture/core": "1.0.6-alpha.3"
      },
      "devDependencies": {
        "typescript": "5.7.2"
      }
    },
    "node_modules/@chevrotain/cst-dts-gen": {
      "version": "10.5.0",
      "resolved": "https://registry.npmjs.org/@chevrotain/cst-dts-gen/-/cst-dts-gen-10.5.0.tgz",
      "integrity": "sha512-lhmC/FyqQ2o7pGK4Om+hzuDrm9rhFYIJ/AXoQBeongmn870Xeb0L6oGEiuR8nohFNL5sMaQEJWCxr1oIVIVXrw==",
      "dependencies": {
        "@chevrotain/gast": "10.5.0",
        "@chevrotain/types": "10.5.0",
        "lodash": "4.17.21"
      }
    },
    "node_modules/@chevrotain/gast": {
      "version": "10.5.0",
      "resolved": "https://registry.npmjs.org/@chevrotain/gast/-/gast-10.5.0.tgz",
      "integrity": "sha512-pXdMJ9XeDAbgOWKuD1Fldz4ieCs6+nLNmyVhe2gZVqoO7v8HXuHYs5OV2EzUtbuai37TlOAQHrTDvxMnvMJz3A==",
      "dependencies": {
        "@chevrotain/types": "10.5.0",
        "lodash": "4.17.21"
      }
    },
    "node_modules/@chevrotain/types": {
      "version": "10.5.0",
      "resolved": "https://registry.npmjs.org/@chevrotain/types/-/types-10.5.0.tgz",
      "integrity": "sha512-f1MAia0x/pAVPWH/T73BJVyO2XU5tI4/iE7cnxb7tqdNTNhQI3Uq3XkqcoteTmD4t1aM0LbHCJOhgIDn07kl2A=="
    },
    "node_modules/@chevrotain/utils": {
      "version": "10.5.0",
      "resolved": "https://registry.npmjs.org/@chevrotain/utils/-/utils-10.5.0.tgz",
      "integrity": "sha512-hBzuU5+JjB2cqNZyszkDHZgOSrUUT8V3dhgRl8Q9Gp6dAj/H5+KILGjbhDpc3Iy9qmqlm/akuOI2ut9VUtzJxQ=="
    },
    "node_modules/@fluentfixture/core": {
      "version": "1.0.6-alpha.3",
      "resolved": "https://registry.npmjs.org/@fluentfixture/core/-/core-1.0.6-alpha.3.tgz",
      "integrity": "sha512-4NPXW2ZNF8OplM3Xet/vhieCnqNrOlwXg1fi0YXTszbKYm0F+HSgfI871V0SfZAfD852wICZx/Lh0eGTB+4Hrg==",
      "dependencies": {
        "@fluentfixture/format": "^1.0.6-alpha.3",
        "@fluentfixture/shared": "^1.0.6-alpha.3"
      }
    },
    "node_modules/@fluentfixture/format": {
      "version": "1.0.6-alpha.3",
      "resolved": "https://registry.npmjs.org/@fluentfixture/format/-/format-1.0.6-alpha.3.tgz",
      "integrity": "sha512-WS4Ds8zm41zm4S2IuYABcBcb2WfFo9BIWk65L66aXafqMl1RTBaKRWjS0vvXKbG+Sh+fAOEyHahbLWA837AmGw==",
      "dependencies": {
        "@fluentfixture/shared": "^1.0.6-alpha.3",
        "chevrotain": "10.5.0"
      }
    },
    "node_modules/@fluentfixture/shared": {
      "version": "1.0.6-alpha.3",
      "resolved": "https://registry.npmjs.org/@fluentfixture/shared/-/shared-1.0.6-alpha.3.tgz",
      "integrity": "sha512-7qx3i1lXWK89RIu23UHOKVKLgKVUBCzq84lM6MVldts9acNzHD5lh2TO37C+/uQanVCpsStjm8eRdvfC0KUiVg==",
      "dependencies": {
        "change-case-all": "2.1.0",
        "dayjs": "1.11.13",
        "random-js": "2.1.0"
      }
    },
    "node_modules/change-case": {
      "version": "5.4.4",
      "resolved": "https://registry.npmjs.org/change-case/-/change-case-5.4.4.tgz",
      "integrity": "sha512-HRQyTk2/YPEkt9TnUPbOpr64Uw3KOicFWPVBb+xiHvd6eBx/qPr9xqfBFDT8P2vWsvvz4jbEkfDe71W3VyNu2w=="
    },
    "node_modules/change-case-all": {
      "version": "2.1.0",
      "resolved": "https://registry.npmjs.org/change-case-all/-/change-case-all-2.1.0.tgz",
      "integrity": "sha512-v6b0WWWkZUMHVuYk82l+WROgkUm4qEN2w5hKRNWtEOYwWqUGoi8C6xH0l1RLF1EoWqDFK6MFclmN3od6ws3/uw==",
      "dependencies": {
        "change-case": "^5.2.0",
        "sponge-case": "^2.0.2",
        "swap-case": "^3.0.2",
        "title-case": "^3.0.3"
      }
    },
    "node_modules/chevrotain": {
      "version": "10.5.0",
      "resolved": "https://registry.npmjs.org/chevrotain/-/chevrotain-10.5.0.tgz",
      "integrity": "sha512-Pkv5rBY3+CsHOYfV5g/Vs5JY9WTHHDEKOlohI2XeygaZhUeqhAlldZ8Hz9cRmxu709bvS08YzxHdTPHhffc13A==",
      "dependencies": {
        "@chevrotain/cst-dts-gen": "10.5.0",
        "@chevrotain/gast": "10.5.0",
        "@chevrotain/types": "10.5.0",
        "@chevrotain/utils": "10.5.0",
        "lodash": "4.17.21",
        "regexp-to-ast": "0.5.0"
      }
    },
    "node_modules/dayjs": {
      "version": "1.11.13",
      "resolved": "https://registry.npmjs.org/dayjs/-/dayjs-1.11.13.tgz",
      "integrity": "sha512-oaMBel6gjolK862uaPQOVTA7q3TZhuSvuMQAAglQDOWYO9A91IrAOUJEyKVlqJlHE0vq5p5UXxzdPfMH/x6xNg=="
    },
    "node_modules/lodash": {
      "version": "4.17.21",
      "resolved": "https://registry.npmjs.org/lodash/-/lodash-4.17.21.tgz",
      "integrity": "sha512-v2kDEe57lecTulaDIuNTPy3Ry4gLGJ6Z1O3vE1krgXZNrsQ+LFTGHVxVjcXPs17LhbZVGedAJv8XZ1tvj5FvSg=="
    },
    "node_modules/random-js": {
      "version": "2.1.0",
      "resolved": "https://registry.npmjs.org/random-js/-/random-js-2.1.0.tgz",
      "integrity": "sha512-CRUyWmnzmZBA7RZSVGq0xMqmgCyPPxbiKNLFA5ud7KenojVX2s7Gv+V7eB52beKTPGxWRnVZ7D/tCIgYJJ8vNQ=="
    },
    "node_modules/regexp-to-ast": {
      "version": "0.5.0",
      "resolved": "https://registry.npmjs.org/regexp-to-ast/-/regexp-to-ast-0.5.0.tgz",
      "integrity": "sha512-tlbJqcMHnPKI9zSrystikWKwHkBqu2a/Sgw01h3zFjvYrMxEDYHzzoMZnUrbIfpTFEsoRnnviOXNCzFiSc54Qw=="
    },
    "node_modules/sponge-case": {
      "version": "2.0.3",
      "resolved": "https://registry.npmjs.org/sponge-case/-/sponge-case-2.0.3.tgz",
      "integrity": "sha512-i4h9ZGRfxV6Xw3mpZSFOfbXjf0cQcYmssGWutgNIfFZ2VM+YIWfD71N/kjjwK6X/AAHzBr+rciEcn/L34S8TGw=="
    },
    "node_modules/swap-case": {
      "version": "3.0.3",
      "resolved": "https://registry.npmjs.org/swap-case/-/swap-case-3.0.3.tgz",
      "integrity": "sha512-6p4op8wE9CQv7uDFzulI6YXUw4lD9n4oQierdbFThEKVWVQcbQcUjdP27W8XE7V4QnWmnq9jueSHceyyQnqQVA=="
    },
    "node_modules/title-case": {
      "version": "3.0.3",
      "resolved": "https://registry.npmjs.org/title-case/-/title-case-3.0.3.tgz",
      "integrity": "sha512-e1zGYRvbffpcHIrnuqT0Dh+gEJtDaxDSoG4JAIpq4oDFyooziLBIiYQv0GBT4FUAnUop5uZ1hiIAj7oAF6sOCA==",
      "dependencies": {
        "tslib": "^2.0.3"
      }
    },
    "node_modules/tslib": {
      "version": "2.7.0",
      "resolved": "https://registry.npmjs.org/tslib/-/tslib-2.7.0.tgz",
      "integrity": "sha512-gLXCKdN1/j47AiHiOkJN69hJmcbGTHI0ImLmbYLHykhgeN0jVGola9yVjFgzCUklsZQMW55o+dW7IXv3RCXDzA=="
    },
    "node_modules/typescript": {
      "version": "5.7.2",
      "resolved": "https://registry.npmjs.org/typescript/-/typescript-5.7.2.tgz",
      "integrity": "sha512-i5t66RHxDvVN40HfDd1PsEThGNnlMCMT3jMUuoh9/0TaqWevNontacunWyN02LA9/fIbEWlcHZcgTKb9QoaLfg==",
      "dev": true,
      "bin": {
        "tsc": "bin/tsc",
        "tsserver": "bin/tsserver"
      },
      "engines": {
        "node": ">=14.17"
      }
    }
  },
  "dependencies": {
    "@chevrotain/cst-dts-gen": {
      "version": "10.5.0",
      "resolved": "https://registry.npmjs.org/@chevrotain/cst-dts-gen/-/cst-dts-gen-10.5.0.tgz",
      "integrity": "sha512-lhmC/FyqQ2o7pGK4Om+hzuDrm9rhFYIJ/AXoQBeongmn870Xeb0L6oGEiuR8nohFNL5sMaQEJWCxr1oIVIVXrw==",
      "requires": {
        "@chevrotain/gast": "10.5.0",
        "@chevrotain/types": "10.5.0",
        "lodash": "4.17.21"
      }
    },
    "@chevrotain/gast": {
      "version": "10.5.0",
      "resolved": "https://registry.npmjs.org/@chevrotain/gast/-/gast-10.5.0.tgz",
      "integrity": "sha512-pXdMJ9XeDAbgOWKuD1Fldz4ieCs6+nLNmyVhe2gZVqoO7v8HXuHYs5OV2EzUtbuai37TlOAQHrTDvxMnvMJz3A==",
      "requires": {
        "@chevrotain/types": "10.5.0",
        "lodash": "4.17.21"
      }
    },
    "@chevrotain/types": {
      "version": "10.5.0",
      "resolved": "https://registry.npmjs.org/@chevrotain/types/-/types-10.5.0.tgz",
      "integrity": "sha512-f1MAia0x/pAVPWH/T73BJVyO2XU5tI4/iE7cnxb7tqdNTNhQI3Uq3XkqcoteTmD4t1aM0LbHCJOhgIDn07kl2A=="
    },
    "@chevrotain/utils": {
      "version": "10.5.0",
      "resolved": "https://registry.npmjs.org/@chevrotain/utils/-/utils-10.5.0.tgz",
      "integrity": "sha512-hBzuU5+JjB2cqNZyszkDHZgOSrUUT8V3dhgRl8Q9Gp6dAj/H5+KILGjbhDpc3Iy9qmqlm/akuOI2ut9VUtzJxQ=="
    },
    "@fluentfixture/core": {
      "version": "1.0.6-alpha.3",
      "resolved": "https://registry.npmjs.org/@fluentfixture/core/-/core-1.0.6-alpha.3.tgz",
      "integrity": "sha512-4NPXW2ZNF8OplM3Xet/vhieCnqNrOlwXg1fi0YXTszbKYm0F+HSgfI871V0SfZAfD852wICZx/Lh0eGTB+4Hrg==",
      "requires": {
        "@fluentfixture/format": "^1.0.6-alpha.3",
        "@fluentfixture/shared": "^1.0.6-alpha.3"
      }
    },
    "@fluentfixture/format": {
      "version": "1.0.6-alpha.3",
      "resolved": "https://registry.npmjs.org/@fluentfixture/format/-/format-1.0.6-alpha.3.tgz",
      "integrity": "sha512-WS4Ds8zm41zm4S2IuYABcBcb2WfFo9BIWk65L66aXafqMl1RTBaKRWjS0vvXKbG+Sh+fAOEyHahbLWA837AmGw==",
      "requires": {
        "@fluentfixture/shared": "^1.0.6-alpha.3",
        "chevrotain": "10.5.0"
      }
    },
    "@fluentfixture/shared": {
      "version": "1.0.6-alpha.3",
      "resolved": "https://registry.npmjs.org/@fluentfixture/shared/-/shared-1.0.6-alpha.3.tgz",
      "integrity": "sha512-7qx3i1lXWK89RIu23UHOKVKLgKVUBCzq84lM6MVldts9acNzHD5lh2TO37C+/uQanVCpsStjm8eRdvfC0KUiVg==",
      "requires": {
        "change-case-all": "2.1.0",
        "dayjs": "1.11.13",
        "random-js": "2.1.0"
      }
    },
    "change-case": {
      "version": "5.4.4",
      "resolved": "https://registry.npmjs.org/change-case/-/change-case-5.4.4.tgz",
      "integrity": "sha512-HRQyTk2/YPEkt9TnUPbOpr64Uw3KOicFWPVBb+xiHvd6eBx/qPr9xqfBFDT8P2vWsvvz4jbEkfDe71W3VyNu2w=="
    },
    "change-case-all": {
      "version": "2.1.0",
      "resolved": "https://registry.npmjs.org/change-case-all/-/change-case-all-2.1.0.tgz",
      "integrity": "sha512-v6b0WWWkZUMHVuYk82l+WROgkUm4qEN2w5hKRNWtEOYwWqUGoi8C6xH0l1RLF1EoWqDFK6MFclmN3od6ws3/uw==",
      "requires": {
        "change-case": "^5.2.0",
        "sponge-case": "^2.0.2",
        "swap-case": "^3.0.2",
        "title-case": "^3.0.3"
      }
    },
    "chevrotain": {
      "version": "10.5.0",
      "resolved": "https://registry.npmjs.org/chevrotain/-/chevrotain-10.5.0.tgz",
      "integrity": "sha512-Pkv5rBY3+CsHOYfV5g/Vs5JY9WTHHDEKOlohI2XeygaZhUeqhAlldZ8Hz9cRmxu709bvS08YzxHdTPHhffc13A==",
      "requires": {
        "@chevrotain/cst-dts-gen": "10.5.0",
        "@chevrotain/gast": "10.5.0",
        "@chevrotain/types": "10.5.0",
        "@chevrotain/utils": "10.5.0",
        "lodash": "4.17.21",
        "regexp-to-ast": "0.5.0"
      }
    },
    "dayjs": {
      "version": "1.11.13",
      "resolved": "https://registry.npmjs.org/dayjs/-/dayjs-1.11.13.tgz",
      "integrity": "sha512-oaMBel6gjolK862uaPQOVTA7q3TZhuSvuMQAAglQDOWYO9A91IrAOUJEyKVlqJlHE0vq5p5UXxzdPfMH/x6xNg=="
    },
    "lodash": {
      "version": "4.17.21",
      "resolved": "https://registry.npmjs.org/lodash/-/lodash-4.17.21.tgz",
      "integrity": "sha512-v2kDEe57lecTulaDIuNTPy3Ry4gLGJ6Z1O3vE1krgXZNrsQ+LFTGHVxVjcXPs17LhbZVGedAJv8XZ1tvj5FvSg=="
    },
    "random-js": {
      "version": "2.1.0",
      "resolved": "https://registry.npmjs.org/random-js/-/random-js-2.1.0.tgz",
      "integrity": "sha512-CRUyWmnzmZBA7RZSVGq0xMqmgCyPPxbiKNLFA5ud7KenojVX2s7Gv+V7eB52beKTPGxWRnVZ7D/tCIgYJJ8vNQ=="
    },
    "regexp-to-ast": {
      "version": "0.5.0",
      "resolved": "https://registry.npmjs.org/regexp-to-ast/-/regexp-to-ast-0.5.0.tgz",
      "integrity": "sha512-tlbJqcMHnPKI9zSrystikWKwHkBqu2a/Sgw01h3zFjvYrMxEDYHzzoMZnUrbIfpTFEsoRnnviOXNCzFiSc54Qw=="
    },
    "sponge-case": {
      "version": "2.0.3",
      "resolved": "https://registry.npmjs.org/sponge-case/-/sponge-case-2.0.3.tgz",
      "integrity": "sha512-i4h9ZGRfxV6Xw3mpZSFOfbXjf0cQcYmssGWutgNIfFZ2VM+YIWfD71N/kjjwK6X/AAHzBr+rciEcn/L34S8TGw=="
    },
    "swap-case": {
      "version": "3.0.3",
      "resolved": "https://registry.npmjs.org/swap-case/-/swap-case-3.0.3.tgz",
      "integrity": "sha512-6p4op8wE9CQv7uDFzulI6YXUw4lD9n4oQierdbFThEKVWVQcbQcUjdP27W8XE7V4QnWmnq9jueSHceyyQnqQVA=="
    },
    "title-case": {
      "version": "3.0.3",
      "resolved": "https://registry.npmjs.org/title-case/-/title-case-3.0.3.tgz",
      "integrity": "sha512-e1zGYRvbffpcHIrnuqT0Dh+gEJtDaxDSoG4JAIpq4oDFyooziLBIiYQv0GBT4FUAnUop5uZ1hiIAj7oAF6sOCA==",
      "requires": {
        "tslib": "^2.0.3"
      }
    },
    "tslib": {
      "version": "2.7.0",
      "resolved": "https://registry.npmjs.org/tslib/-/tslib-2.7.0.tgz",
      "integrity": "sha512-gLXCKdN1/j47AiHiOkJN69hJmcbGTHI0ImLmbYLHykhgeN0jVGola9yVjFgzCUklsZQMW55o+dW7IXv3RCXDzA=="
    },
    "typescript": {
      "version": "5.7.2",
      "resolved": "https://registry.npmjs.org/typescript/-/typescript-5.7.2.tgz",
      "integrity": "sha512-i5t66RHxDvVN40HfDd1PsEThGNnlMCMT3jMUuoh9/0TaqWevNontacunWyN02LA9/fIbEWlcHZcgTKb9QoaLfg==",
      "dev": true
    }
  }
}
